
Microsoft Visual Studio Solution File, Format Version 12.00
# Visual Studio Version 17
VisualStudioVersion = 17.5.002.0
MinimumVisualStudioVersion = 10.0.40219.1
Project("{9A19103F-16F7-4668-BE54-9A1E7A4F7556}") = "NewApp", "NewApp.csproj", "{FCC95AD0-5C5D-4E82-8486-653A351A188C}"
EndProject
Global
	GlobalSection(SolutionConfigurationPlatforms) = preSolution
		Debug|Any CPU = Debug|Any CPU
		Release|Any CPU = Release|Any CPU
	EndGlobalSection
	GlobalSection(ProjectConfigurationPlatforms) = postSolution
		{FCC95AD0-5C5D-4E82-8486-653A351A188C}.Debug|Any CPU.ActiveCfg = Debug|Any CPU
		{FCC95AD0-5C5D-4E82-8486-653A351A188C}.Debug|Any CPU.Build.0 = Debug|Any CPU
		{FCC95AD0-5C5D-4E82-8486-653A351A188C}.Release|Any CPU.ActiveCfg = Release|Any CPU
		{FCC95AD0-5C5D-4E82-8486-653A351A188C}.Release|Any CPU.Build.0 = Release|Any CPU
	EndGlobalSection
	GlobalSection(SolutionProperties) = preSolution
		HideSolutionNode = FALSE
	EndGlobalSection
	GlobalSection(ExtensibilityGlobals) = postSolution
		SolutionGuid = {BB575B96-8583-48A5-99E1-82C164BFC610}
	EndGlobalSection
EndGlobal
